
Microsoft Visual Studio Solution File, Format Version 12.00
# Visual Studio Version 17
VisualStudioVersion = 17.2.32616.157
MinimumVisualStudioVersion = 10.0.40219.1
Project("{9A19103F-16F7-4668-BE54-9A1E7A4F7556}") = "CofD_NPC", "CofD_NPC.csproj", "{E1A2736B-FFD6-435E-ACF2-C99CAF44C9AA}"
EndProject
Global
	GlobalSection(SolutionConfigurationPlatforms) = preSolution
		Debug|Any CPU = Debug|Any CPU
		Release|Any CPU = Release|Any CPU
	EndGlobalSection
	GlobalSection(ProjectConfigurationPlatforms) = postSolution
		{E1A2736B-FFD6-435E-ACF2-C99CAF44C9AA}.Debug|Any CPU.ActiveCfg = Debug|Any CPU
		{E1A2736B-FFD6-435E-ACF2-C99CAF44C9AA}.Debug|Any CPU.Build.0 = Debug|Any CPU
		{E1A2736B-FFD6-435E-ACF2-C99CAF44C9AA}.Release|Any CPU.ActiveCfg = Release|Any CPU
		{E1A2736B-FFD6-435E-ACF2-C99CAF44C9AA}.Release|Any CPU.Build.0 = Release|Any CPU
	EndGlobalSection
	GlobalSection(SolutionProperties) = preSolution
		HideSolutionNode = FALSE
	EndGlobalSection
	GlobalSection(ExtensibilityGlobals) = postSolution
		SolutionGuid = {3070D660-EB30-4995-BDD7-A76D7FB77995}
	EndGlobalSection
EndGlobal
